
Microsoft Visual Studio Solution File, Format Version 12.00
# Visual Studio Version 17
VisualStudioVersion = 17.2.32630.192
MinimumVisualStudioVersion = 10.0.40219.1
Project("{9A19103F-16F7-4668-BE54-9A1E7A4F7556}") = "Task_1", "Task_1\Task_1.csproj", "{411D7D51-0820-4460-889A-D0B5FB73A3D3}"
EndProject
Project("{9A19103F-16F7-4668-BE54-9A1E7A4F7556}") = "Task_2", "..\Task_2\Task_2.csproj", "{4836888C-0E41-4A8C-8E27-508247E94CA3}"
EndProject
Project("{9A19103F-16F7-4668-BE54-9A1E7A4F7556}") = "Task_3", "..\Task_3\Task_3.csproj", "{51A908E5-5E1C-4477-96B6-E0A27423855A}"
EndProject
Project("{FAE04EC0-301F-11D3-BF4B-00C04F79EFBC}") = "Task_4", "..\Task_4\Task_4.csproj", "{6BFD4F34-7D98-4BD1-89C3-36137BEC282C}"
EndProject
Global
	GlobalSection(SolutionConfigurationPlatforms) = preSolution
		Debug|Any CPU = Debug|Any CPU
		Release|Any CPU = Release|Any CPU
	EndGlobalSection
	GlobalSection(ProjectConfigurationPlatforms) = postSolution
		{411D7D51-0820-4460-889A-D0B5FB73A3D3}.Debug|Any CPU.ActiveCfg = Debug|Any CPU
		{411D7D51-0820-4460-889A-D0B5FB73A3D3}.Debug|Any CPU.Build.0 = Debug|Any CPU
		{411D7D51-0820-4460-889A-D0B5FB73A3D3}.Release|Any CPU.ActiveCfg = Release|Any CPU
		{411D7D51-0820-4460-889A-D0B5FB73A3D3}.Release|Any CPU.Build.0 = Release|Any CPU
		{4836888C-0E41-4A8C-8E27-508247E94CA3}.Debug|Any CPU.ActiveCfg = Debug|Any CPU
		{4836888C-0E41-4A8C-8E27-508247E94CA3}.Debug|Any CPU.Build.0 = Debug|Any CPU
		{4836888C-0E41-4A8C-8E27-508247E94CA3}.Release|Any CPU.ActiveCfg = Release|Any CPU
		{4836888C-0E41-4A8C-8E27-508247E94CA3}.Release|Any CPU.Build.0 = Release|Any CPU
		{51A908E5-5E1C-4477-96B6-E0A27423855A}.Debug|Any CPU.ActiveCfg = Debug|Any CPU
		{51A908E5-5E1C-4477-96B6-E0A27423855A}.Debug|Any CPU.Build.0 = Debug|Any CPU
		{51A908E5-5E1C-4477-96B6-E0A27423855A}.Release|Any CPU.ActiveCfg = Release|Any CPU
		{51A908E5-5E1C-4477-96B6-E0A27423855A}.Release|Any CPU.Build.0 = Release|Any CPU
		{6BFD4F34-7D98-4BD1-89C3-36137BEC282C}.Debug|Any CPU.ActiveCfg = Debug|Any CPU
		{6BFD4F34-7D98-4BD1-89C3-36137BEC282C}.Debug|Any CPU.Build.0 = Debug|Any CPU
		{6BFD4F34-7D98-4BD1-89C3-36137BEC282C}.Release|Any CPU.ActiveCfg = Release|Any CPU
		{6BFD4F34-7D98-4BD1-89C3-36137BEC282C}.Release|Any CPU.Build.0 = Release|Any CPU
	EndGlobalSection
	GlobalSection(SolutionProperties) = preSolution
		HideSolutionNode = FALSE
	EndGlobalSection
	GlobalSection(ExtensibilityGlobals) = postSolution
		SolutionGuid = {8A71FF6A-7A58-47B1-93EF-E5EF87B6D955}
	EndGlobalSection
EndGlobal
